
Microsoft Visual Studio Solution File, Format Version 12.00
# Visual Studio 2013
VisualStudioVersion = 12.0.40629.0
MinimumVisualStudioVersion = 10.0.40219.1
Project("{FAE04EC0-301F-11D3-BF4B-00C04F79EFBC}") = "Console1", "Console1\Console1.csproj", "{F8BBB72D-DE12-43E6-BF49-602BF262E46B}"
EndProject
Project("{FAE04EC0-301F-11D3-BF4B-00C04F79EFBC}") = "WpfSamples", "WpfSamples\WpfSamples.csproj", "{A53DA5D8-010E-4A4F-964E-ABB87FD569EC}"
EndProject
Global
	GlobalSection(SolutionConfigurationPlatforms) = preSolution
		Debug|Any CPU = Debug|Any CPU
		Release|Any CPU = Release|Any CPU
	EndGlobalSection
	GlobalSection(ProjectConfigurationPlatforms) = postSolution
		{F8BBB72D-DE12-43E6-BF49-602BF262E46B}.Debug|Any CPU.ActiveCfg = Debug|Any CPU
		{F8BBB72D-DE12-43E6-BF49-602BF262E46B}.Debug|Any CPU.Build.0 = Debug|Any CPU
		{F8BBB72D-DE12-43E6-BF49-602BF262E46B}.Release|Any CPU.ActiveCfg = Release|Any CPU
		{F8BBB72D-DE12-43E6-BF49-602BF262E46B}.Release|Any CPU.Build.0 = Release|Any CPU
		{A53DA5D8-010E-4A4F-964E-ABB87FD569EC}.Debug|Any CPU.ActiveCfg = Debug|Any CPU
		{A53DA5D8-010E-4A4F-964E-ABB87FD569EC}.Debug|Any CPU.Build.0 = Debug|Any CPU
		{A53DA5D8-010E-4A4F-964E-ABB87FD569EC}.Release|Any CPU.ActiveCfg = Release|Any CPU
		{A53DA5D8-010E-4A4F-964E-ABB87FD569EC}.Release|Any CPU.Build.0 = Release|Any CPU
	EndGlobalSection
	GlobalSection(SolutionProperties) = preSolution
		HideSolutionNode = FALSE
	EndGlobalSection
EndGlobal
